
Microsoft Visual Studio Solution File, Format Version 12.00
# Visual Studio Version 17
VisualStudioVersion = 17.2.32516.85
MinimumVisualStudioVersion = 10.0.40219.1
Project("{FAE04EC0-301F-11D3-BF4B-00C04F79EFBC}") = "changeSize+Location", "changeSize+Location\changeSize+Location.csproj", "{4DF8713D-8921-4B18-A7B5-00B4043DED25}"
EndProject
Global
	GlobalSection(SolutionConfigurationPlatforms) = preSolution
		Debug|Any CPU = Debug|Any CPU
		Release|Any CPU = Release|Any CPU
	EndGlobalSection
	GlobalSection(ProjectConfigurationPlatforms) = postSolution
		{4DF8713D-8921-4B18-A7B5-00B4043DED25}.Debug|Any CPU.ActiveCfg = Debug|Any CPU
		{4DF8713D-8921-4B18-A7B5-00B4043DED25}.Debug|Any CPU.Build.0 = Debug|Any CPU
		{4DF8713D-8921-4B18-A7B5-00B4043DED25}.Release|Any CPU.ActiveCfg = Release|Any CPU
		{4DF8713D-8921-4B18-A7B5-00B4043DED25}.Release|Any CPU.Build.0 = Release|Any CPU
	EndGlobalSection
	GlobalSection(SolutionProperties) = preSolution
		HideSolutionNode = FALSE
	EndGlobalSection
	GlobalSection(ExtensibilityGlobals) = postSolution
		SolutionGuid = {A5B24700-72BD-4A6F-B707-D56641B5FC46}
	EndGlobalSection
EndGlobal
